
Microsoft Visual Studio Solution File, Format Version 12.00
# Visual Studio Version 17
VisualStudioVersion = 17.4.33213.308
MinimumVisualStudioVersion = 10.0.40219.1
Project("{D954291E-2A0B-460D-934E-DC6B0785DB48}") = "Ban.Service", "Ban.Service.shproj", "{F633379D-1013-4D35-979B-916E03858888}"
EndProject
Project("{2150E333-8FDC-42A3-9474-1A3956D46DE8}") = "Core", "Core", "{B81BF339-D7CD-4D3A-AD32-8CC9F48929EF}"
EndProject
Project("{9A19103F-16F7-4668-BE54-9A1E7A4F7556}") = "Ban.Application", "..\Ban.Application\Ban.Application.csproj", "{95B93985-E9AC-4DD5-9CED-3F1A3ABBE74B}"
EndProject
Project("{9A19103F-16F7-4668-BE54-9A1E7A4F7556}") = "Ban.Domain", "..\Ban.Domain\Ban.Domain.csproj", "{9658BBEA-3A15-4470-B962-C94E46C7A86C}"
EndProject
Project("{2150E333-8FDC-42A3-9474-1A3956D46DE8}") = "Infrastructure", "Infrastructure", "{ADA5926D-B702-489D-BFAA-2D2E49F95050}"
EndProject
Project("{9A19103F-16F7-4668-BE54-9A1E7A4F7556}") = "Ban.persistance", "..\Ban.persistance\Ban.persistance.csproj", "{9152B9E4-29A1-4351-88C5-C5918CBCA286}"
EndProject
Project("{2150E333-8FDC-42A3-9474-1A3956D46DE8}") = "Presentation", "Presentation", "{CE47AB50-1258-427E-9427-D27FC001D306}"
EndProject
Project("{9A19103F-16F7-4668-BE54-9A1E7A4F7556}") = "Ban.webApi", "..\Ban.webApi\Ban.webApi.csproj", "{848F8558-6541-4B29-8678-0614CAC302CF}"
EndProject
Project("{2150E333-8FDC-42A3-9474-1A3956D46DE8}") = "Tests", "Tests", "{BBE50213-3D2B-42BA-BF7A-2176A46801D4}"
EndProject
Global
	GlobalSection(SolutionConfigurationPlatforms) = preSolution
		Debug|Any CPU = Debug|Any CPU
		Release|Any CPU = Release|Any CPU
	EndGlobalSection
	GlobalSection(ProjectConfigurationPlatforms) = postSolution
		{95B93985-E9AC-4DD5-9CED-3F1A3ABBE74B}.Debug|Any CPU.ActiveCfg = Debug|Any CPU
		{95B93985-E9AC-4DD5-9CED-3F1A3ABBE74B}.Debug|Any CPU.Build.0 = Debug|Any CPU
		{95B93985-E9AC-4DD5-9CED-3F1A3ABBE74B}.Release|Any CPU.ActiveCfg = Release|Any CPU
		{95B93985-E9AC-4DD5-9CED-3F1A3ABBE74B}.Release|Any CPU.Build.0 = Release|Any CPU
		{9658BBEA-3A15-4470-B962-C94E46C7A86C}.Debug|Any CPU.ActiveCfg = Debug|Any CPU
		{9658BBEA-3A15-4470-B962-C94E46C7A86C}.Debug|Any CPU.Build.0 = Debug|Any CPU
		{9658BBEA-3A15-4470-B962-C94E46C7A86C}.Release|Any CPU.ActiveCfg = Release|Any CPU
		{9658BBEA-3A15-4470-B962-C94E46C7A86C}.Release|Any CPU.Build.0 = Release|Any CPU
		{9152B9E4-29A1-4351-88C5-C5918CBCA286}.Debug|Any CPU.ActiveCfg = Debug|Any CPU
		{9152B9E4-29A1-4351-88C5-C5918CBCA286}.Debug|Any CPU.Build.0 = Debug|Any CPU
		{9152B9E4-29A1-4351-88C5-C5918CBCA286}.Release|Any CPU.ActiveCfg = Release|Any CPU
		{9152B9E4-29A1-4351-88C5-C5918CBCA286}.Release|Any CPU.Build.0 = Release|Any CPU
		{848F8558-6541-4B29-8678-0614CAC302CF}.Debug|Any CPU.ActiveCfg = Debug|Any CPU
		{848F8558-6541-4B29-8678-0614CAC302CF}.Debug|Any CPU.Build.0 = Debug|Any CPU
		{848F8558-6541-4B29-8678-0614CAC302CF}.Release|Any CPU.ActiveCfg = Release|Any CPU
		{848F8558-6541-4B29-8678-0614CAC302CF}.Release|Any CPU.Build.0 = Release|Any CPU
	EndGlobalSection
	GlobalSection(SolutionProperties) = preSolution
		HideSolutionNode = FALSE
	EndGlobalSection
	GlobalSection(NestedProjects) = preSolution
		{95B93985-E9AC-4DD5-9CED-3F1A3ABBE74B} = {B81BF339-D7CD-4D3A-AD32-8CC9F48929EF}
		{9658BBEA-3A15-4470-B962-C94E46C7A86C} = {B81BF339-D7CD-4D3A-AD32-8CC9F48929EF}
		{9152B9E4-29A1-4351-88C5-C5918CBCA286} = {ADA5926D-B702-489D-BFAA-2D2E49F95050}
		{848F8558-6541-4B29-8678-0614CAC302CF} = {CE47AB50-1258-427E-9427-D27FC001D306}
	EndGlobalSection
	GlobalSection(ExtensibilityGlobals) = postSolution
		SolutionGuid = {47D1D5DC-761D-4AF9-9556-372DAEE0F69E}
	EndGlobalSection
	GlobalSection(SharedMSBuildProjectFiles) = preSolution
		Ban.Service.projitems*{f633379d-1013-4d35-979b-916e03858888}*SharedItemsImports = 13
	EndGlobalSection
EndGlobal
